
Microsoft Visual Studio Solution File, Format Version 12.00
# Visual Studio Version 16
VisualStudioVersion = 16.0.31105.61
MinimumVisualStudioVersion = 10.0.40219.1
Project("{9A19103F-16F7-4668-BE54-9A1E7A4F7556}") = "H2School_ForumDB-Web", "H2School_ForumDB-Web.csproj", "{70FFC2CA-30D3-44D1-A7B2-86F52792E5A8}"
EndProject
Project("{2150E333-8FDC-42A3-9474-1A3956D46DE8}") = "Queries", "Queries", "{5FEDA912-3E9C-43D6-A0A7-0C735E05F52C}"
	ProjectSection(SolutionItems) = preProject
		ForumData.sql = ForumData.sql
		ForumProcedures.sql = ForumProcedures.sql
		ForumSQLQuery.sql = ForumSQLQuery.sql
	EndProjectSection
EndProject
Global
	GlobalSection(SolutionConfigurationPlatforms) = preSolution
		Debug|Any CPU = Debug|Any CPU
		Release|Any CPU = Release|Any CPU
	EndGlobalSection
	GlobalSection(ProjectConfigurationPlatforms) = postSolution
		{70FFC2CA-30D3-44D1-A7B2-86F52792E5A8}.Debug|Any CPU.ActiveCfg = Debug|Any CPU
		{70FFC2CA-30D3-44D1-A7B2-86F52792E5A8}.Debug|Any CPU.Build.0 = Debug|Any CPU
		{70FFC2CA-30D3-44D1-A7B2-86F52792E5A8}.Release|Any CPU.ActiveCfg = Release|Any CPU
		{70FFC2CA-30D3-44D1-A7B2-86F52792E5A8}.Release|Any CPU.Build.0 = Release|Any CPU
	EndGlobalSection
	GlobalSection(SolutionProperties) = preSolution
		HideSolutionNode = FALSE
	EndGlobalSection
	GlobalSection(ExtensibilityGlobals) = postSolution
		SolutionGuid = {CAC7258A-BC82-40E9-BCE4-1E59F80A2313}
	EndGlobalSection
EndGlobal
